
Microsoft Visual Studio Solution File, Format Version 12.00
# Visual Studio 15
Project("{FAE04EC0-301F-11D3-BF4B-00C04F79EFBC}") = "UnityEngine.TestRunner", "UnityEngine.TestRunner.csproj", "{25D4E2C0-98A0-BA43-E2F0-C05BBE27A9B8}"
EndProject
Project("{FAE04EC0-301F-11D3-BF4B-00C04F79EFBC}") = "UnityEngine.UI", "UnityEngine.UI.csproj", "{A54A5706-F1BB-90EC-8EB7-AFCE1BFA4519}"
EndProject
Project("{FAE04EC0-301F-11D3-BF4B-00C04F79EFBC}") = "Unity.VisualScripting.Flow", "Unity.VisualScripting.Flow.csproj", "{62FA849D-0515-831D-CE60-F11F5071FB5A}"
EndProject
Project("{FAE04EC0-301F-11D3-BF4B-00C04F79EFBC}") = "Unity.VisualScripting.State", "Unity.VisualScripting.State.csproj", "{3F31AC61-3A95-3E4E-F2D7-81A059974CCF}"
EndProject
Project("{FAE04EC0-301F-11D3-BF4B-00C04F79EFBC}") = "Unity.VisualScripting.Core", "Unity.VisualScripting.Core.csproj", "{09D89EF9-581C-53EB-1965-9E9D628C96AE}"
EndProject
Project("{FAE04EC0-301F-11D3-BF4B-00C04F79EFBC}") = "Unity.TextMeshPro", "Unity.TextMeshPro.csproj", "{311E85C0-034E-A679-FF04-93F7E570044A}"
EndProject
Project("{FAE04EC0-301F-11D3-BF4B-00C04F79EFBC}") = "Unity.Timeline", "Unity.Timeline.csproj", "{4FB15C82-1CB5-BF7F-C685-B4E1FAB5118B}"
EndProject
Project("{FAE04EC0-301F-11D3-BF4B-00C04F79EFBC}") = "Unity.PlasticSCM.Editor", "Unity.PlasticSCM.Editor.csproj", "{FE6AF1C8-2F36-FCF7-2E05-95E0E45AEEFD}"
EndProject
Project("{FAE04EC0-301F-11D3-BF4B-00C04F79EFBC}") = "Unity.VisualScripting.Core.Editor", "Unity.VisualScripting.Core.Editor.csproj", "{B8313D2E-AAE9-39B4-FE4C-2CFC75795AA3}"
EndProject
Project("{FAE04EC0-301F-11D3-BF4B-00C04F79EFBC}") = "Unity.VisualScripting.Flow.Editor", "Unity.VisualScripting.Flow.Editor.csproj", "{D8BCFBFB-71B2-4303-B15A-4A618CB9E1DE}"
EndProject
Project("{FAE04EC0-301F-11D3-BF4B-00C04F79EFBC}") = "Unity.VisualStudio.Editor", "Unity.VisualStudio.Editor.csproj", "{8FF5DEF1-8B18-8203-F4F4-3E5CB4204EF5}"
EndProject
Project("{FAE04EC0-301F-11D3-BF4B-00C04F79EFBC}") = "Unity.Timeline.Editor", "Unity.Timeline.Editor.csproj", "{3AFB74F5-F95E-AA6E-8A90-8775F3F053E0}"
EndProject
Project("{FAE04EC0-301F-11D3-BF4B-00C04F79EFBC}") = "Unity.VisualScripting.State.Editor", "Unity.VisualScripting.State.Editor.csproj", "{AA9D5C48-1CE2-D0E5-1CCD-EA4D83F1B18E}"
EndProject
Project("{FAE04EC0-301F-11D3-BF4B-00C04F79EFBC}") = "Unity.TextMeshPro.Editor", "Unity.TextMeshPro.Editor.csproj", "{371ED75C-C1F9-C8CD-7B4F-526B19F1C470}"
EndProject
Project("{FAE04EC0-301F-11D3-BF4B-00C04F79EFBC}") = "Unity.VisualScripting.SettingsProvider.Editor", "Unity.VisualScripting.SettingsProvider.Editor.csproj", "{E4A62A5D-66C4-A188-F198-F5100C8627DC}"
EndProject
Project("{FAE04EC0-301F-11D3-BF4B-00C04F79EFBC}") = "UnityEditor.TestRunner", "UnityEditor.TestRunner.csproj", "{BE323E0E-F5A1-B78B-299D-C0FBBC537D52}"
EndProject
Project("{FAE04EC0-301F-11D3-BF4B-00C04F79EFBC}") = "Unity.TestTools.CodeCoverage.Editor", "Unity.TestTools.CodeCoverage.Editor.csproj", "{8F8244B3-8A4E-98C7-97EC-605E68FFF847}"
EndProject
Project("{FAE04EC0-301F-11D3-BF4B-00C04F79EFBC}") = "Unity.Rider.Editor", "Unity.Rider.Editor.csproj", "{19A4CF03-7CDE-9577-937C-C1A0C60651CD}"
EndProject
Project("{FAE04EC0-301F-11D3-BF4B-00C04F79EFBC}") = "Unity.Performance.Profile-Analyzer.Editor", "Unity.Performance.Profile-Analyzer.Editor.csproj", "{2AE83844-8B3E-7F08-A5D7-EAB841C26719}"
EndProject
Project("{FAE04EC0-301F-11D3-BF4B-00C04F79EFBC}") = "Unity.VSCode.Editor", "Unity.VSCode.Editor.csproj", "{D347AF43-E610-1B3A-492E-0E5A395A57D3}"
EndProject
Project("{FAE04EC0-301F-11D3-BF4B-00C04F79EFBC}") = "UnityEditor.UI", "UnityEditor.UI.csproj", "{005BAC4D-2538-ACAD-7EA0-F8832836F4D4}"
EndProject
Project("{FAE04EC0-301F-11D3-BF4B-00C04F79EFBC}") = "Unity.TestTools.CodeCoverage.Editor.OpenCover.Model", "Unity.TestTools.CodeCoverage.Editor.OpenCover.Model.csproj", "{24B2B59D-4C46-4867-7049-6179AFD425CE}"
EndProject
Project("{FAE04EC0-301F-11D3-BF4B-00C04F79EFBC}") = "Unity.EditorCoroutines.Editor", "Unity.EditorCoroutines.Editor.csproj", "{9CD5FA2D-0E00-3AEE-76DA-3FF35075B8CD}"
EndProject
Project("{FAE04EC0-301F-11D3-BF4B-00C04F79EFBC}") = "Unity.Settings.Editor", "Unity.Settings.Editor.csproj", "{4479A260-E7C4-1477-1CFB-CC03B725EB6D}"
EndProject
Project("{FAE04EC0-301F-11D3-BF4B-00C04F79EFBC}") = "Unity.CollabProxy.Editor", "Unity.CollabProxy.Editor.csproj", "{B91253E1-56E8-98D5-E859-FA0EC21884C4}"
EndProject
Project("{FAE04EC0-301F-11D3-BF4B-00C04F79EFBC}") = "Unity.TestTools.CodeCoverage.Editor.OpenCover.Mono.Reflection", "Unity.TestTools.CodeCoverage.Editor.OpenCover.Mono.Reflection.csproj", "{DE3816A9-6E8C-9373-B2AB-101506B390AE}"
EndProject
Project("{FAE04EC0-301F-11D3-BF4B-00C04F79EFBC}") = "Unity.VisualScripting.Shared.Editor", "Unity.VisualScripting.Shared.Editor.csproj", "{968A02AB-8C23-49CB-A161-10B0F8026F23}"
EndProject
Project("{FAE04EC0-301F-11D3-BF4B-00C04F79EFBC}") = "UnityEngine.TestRunner", "UnityEngine.TestRunner.Player.csproj", "{5B385DDA-D33F-71D1-D896-24748B3F2B19}"
EndProject
Project("{FAE04EC0-301F-11D3-BF4B-00C04F79EFBC}") = "UnityEngine.UI", "UnityEngine.UI.Player.csproj", "{A622E4D8-58FD-E476-CE90-AC1C283E127C}"
EndProject
Project("{FAE04EC0-301F-11D3-BF4B-00C04F79EFBC}") = "Unity.VisualScripting.Flow", "Unity.VisualScripting.Flow.Player.csproj", "{8DED163E-BB94-0845-C283-98332092A949}"
EndProject
Project("{FAE04EC0-301F-11D3-BF4B-00C04F79EFBC}") = "Unity.VisualScripting.State", "Unity.VisualScripting.State.Player.csproj", "{EE17DE1C-1A43-4EE2-1F08-CCC7F59E5A62}"
EndProject
Project("{FAE04EC0-301F-11D3-BF4B-00C04F79EFBC}") = "Unity.VisualScripting.Core", "Unity.VisualScripting.Core.Player.csproj", "{C5CE33B3-A9B5-EFFC-C119-D7A1278245C0}"
EndProject
Project("{FAE04EC0-301F-11D3-BF4B-00C04F79EFBC}") = "Unity.TextMeshPro", "Unity.TextMeshPro.Player.csproj", "{CDAF2D09-1CBF-CF1C-10DF-6999F873E9F0}"
EndProject
Project("{FAE04EC0-301F-11D3-BF4B-00C04F79EFBC}") = "Unity.Timeline", "Unity.Timeline.Player.csproj", "{87A6731D-EBE2-C441-D42D-008F99B3F78B}"
EndProject
Global
	GlobalSection(SolutionConfigurationPlatforms) = preSolution
		Debug|Any CPU = Debug|Any CPU
		Release|Any CPU = Release|Any CPU
	EndGlobalSection
	GlobalSection(ProjectConfigurationPlatforms) = postSolution
		{25D4E2C0-98A0-BA43-E2F0-C05BBE27A9B8}.Debug|Any CPU.ActiveCfg = Debug|Any CPU
		{25D4E2C0-98A0-BA43-E2F0-C05BBE27A9B8}.Debug|Any CPU.Build.0 = Debug|Any CPU
		{25D4E2C0-98A0-BA43-E2F0-C05BBE27A9B8}.Release|Any CPU.ActiveCfg = Release|Any CPU
		{25D4E2C0-98A0-BA43-E2F0-C05BBE27A9B8}.Release|Any CPU.Build.0 = Release|Any CPU
		{A54A5706-F1BB-90EC-8EB7-AFCE1BFA4519}.Debug|Any CPU.ActiveCfg = Debug|Any CPU
		{A54A5706-F1BB-90EC-8EB7-AFCE1BFA4519}.Debug|Any CPU.Build.0 = Debug|Any CPU
		{A54A5706-F1BB-90EC-8EB7-AFCE1BFA4519}.Release|Any CPU.ActiveCfg = Release|Any CPU
		{A54A5706-F1BB-90EC-8EB7-AFCE1BFA4519}.Release|Any CPU.Build.0 = Release|Any CPU
		{62FA849D-0515-831D-CE60-F11F5071FB5A}.Debug|Any CPU.ActiveCfg = Debug|Any CPU
		{62FA849D-0515-831D-CE60-F11F5071FB5A}.Debug|Any CPU.Build.0 = Debug|Any CPU
		{62FA849D-0515-831D-CE60-F11F5071FB5A}.Release|Any CPU.ActiveCfg = Release|Any CPU
		{62FA849D-0515-831D-CE60-F11F5071FB5A}.Release|Any CPU.Build.0 = Release|Any CPU
		{3F31AC61-3A95-3E4E-F2D7-81A059974CCF}.Debug|Any CPU.ActiveCfg = Debug|Any CPU
		{3F31AC61-3A95-3E4E-F2D7-81A059974CCF}.Debug|Any CPU.Build.0 = Debug|Any CPU
		{3F31AC61-3A95-3E4E-F2D7-81A059974CCF}.Release|Any CPU.ActiveCfg = Release|Any CPU
		{3F31AC61-3A95-3E4E-F2D7-81A059974CCF}.Release|Any CPU.Build.0 = Release|Any CPU
		{09D89EF9-581C-53EB-1965-9E9D628C96AE}.Debug|Any CPU.ActiveCfg = Debug|Any CPU
		{09D89EF9-581C-53EB-1965-9E9D628C96AE}.Debug|Any CPU.Build.0 = Debug|Any CPU
		{09D89EF9-581C-53EB-1965-9E9D628C96AE}.Release|Any CPU.ActiveCfg = Release|Any CPU
		{09D89EF9-581C-53EB-1965-9E9D628C96AE}.Release|Any CPU.Build.0 = Release|Any CPU
		{311E85C0-034E-A679-FF04-93F7E570044A}.Debug|Any CPU.ActiveCfg = Debug|Any CPU
		{311E85C0-034E-A679-FF04-93F7E570044A}.Debug|Any CPU.Build.0 = Debug|Any CPU
		{311E85C0-034E-A679-FF04-93F7E570044A}.Release|Any CPU.ActiveCfg = Release|Any CPU
		{311E85C0-034E-A679-FF04-93F7E570044A}.Release|Any CPU.Build.0 = Release|Any CPU
		{4FB15C82-1CB5-BF7F-C685-B4E1FAB5118B}.Debug|Any CPU.ActiveCfg = Debug|Any CPU
		{4FB15C82-1CB5-BF7F-C685-B4E1FAB5118B}.Debug|Any CPU.Build.0 = Debug|Any CPU
		{4FB15C82-1CB5-BF7F-C685-B4E1FAB5118B}.Release|Any CPU.ActiveCfg = Release|Any CPU
		{4FB15C82-1CB5-BF7F-C685-B4E1FAB5118B}.Release|Any CPU.Build.0 = Release|Any CPU
		{FE6AF1C8-2F36-FCF7-2E05-95E0E45AEEFD}.Debug|Any CPU.ActiveCfg = Debug|Any CPU
		{FE6AF1C8-2F36-FCF7-2E05-95E0E45AEEFD}.Debug|Any CPU.Build.0 = Debug|Any CPU
		{FE6AF1C8-2F36-FCF7-2E05-95E0E45AEEFD}.Release|Any CPU.ActiveCfg = Release|Any CPU
		{FE6AF1C8-2F36-FCF7-2E05-95E0E45AEEFD}.Release|Any CPU.Build.0 = Release|Any CPU
		{B8313D2E-AAE9-39B4-FE4C-2CFC75795AA3}.Debug|Any CPU.ActiveCfg = Debug|Any CPU
		{B8313D2E-AAE9-39B4-FE4C-2CFC75795AA3}.Debug|Any CPU.Build.0 = Debug|Any CPU
		{B8313D2E-AAE9-39B4-FE4C-2CFC75795AA3}.Release|Any CPU.ActiveCfg = Release|Any CPU
		{B8313D2E-AAE9-39B4-FE4C-2CFC75795AA3}.Release|Any CPU.Build.0 = Release|Any CPU
		{D8BCFBFB-71B2-4303-B15A-4A618CB9E1DE}.Debug|Any CPU.ActiveCfg = Debug|Any CPU
		{D8BCFBFB-71B2-4303-B15A-4A618CB9E1DE}.Debug|Any CPU.Build.0 = Debug|Any CPU
		{D8BCFBFB-71B2-4303-B15A-4A618CB9E1DE}.Release|Any CPU.ActiveCfg = Release|Any CPU
		{D8BCFBFB-71B2-4303-B15A-4A618CB9E1DE}.Release|Any CPU.Build.0 = Release|Any CPU
		{8FF5DEF1-8B18-8203-F4F4-3E5CB4204EF5}.Debug|Any CPU.ActiveCfg = Debug|Any CPU
		{8FF5DEF1-8B18-8203-F4F4-3E5CB4204EF5}.Debug|Any CPU.Build.0 = Debug|Any CPU
		{8FF5DEF1-8B18-8203-F4F4-3E5CB4204EF5}.Release|Any CPU.ActiveCfg = Release|Any CPU
		{8FF5DEF1-8B18-8203-F4F4-3E5CB4204EF5}.Release|Any CPU.Build.0 = Release|Any CPU
		{3AFB74F5-F95E-AA6E-8A90-8775F3F053E0}.Debug|Any CPU.ActiveCfg = Debug|Any CPU
		{3AFB74F5-F95E-AA6E-8A90-8775F3F053E0}.Debug|Any CPU.Build.0 = Debug|Any CPU
		{3AFB74F5-F95E-AA6E-8A90-8775F3F053E0}.Release|Any CPU.ActiveCfg = Release|Any CPU
		{3AFB74F5-F95E-AA6E-8A90-8775F3F053E0}.Release|Any CPU.Build.0 = Release|Any CPU
		{AA9D5C48-1CE2-D0E5-1CCD-EA4D83F1B18E}.Debug|Any CPU.ActiveCfg = Debug|Any CPU
		{AA9D5C48-1CE2-D0E5-1CCD-EA4D83F1B18E}.Debug|Any CPU.Build.0 = Debug|Any CPU
		{AA9D5C48-1CE2-D0E5-1CCD-EA4D83F1B18E}.Release|Any CPU.ActiveCfg = Release|Any CPU
		{AA9D5C48-1CE2-D0E5-1CCD-EA4D83F1B18E}.Release|Any CPU.Build.0 = Release|Any CPU
		{371ED75C-C1F9-C8CD-7B4F-526B19F1C470}.Debug|Any CPU.ActiveCfg = Debug|Any CPU
		{371ED75C-C1F9-C8CD-7B4F-526B19F1C470}.Debug|Any CPU.Build.0 = Debug|Any CPU
		{371ED75C-C1F9-C8CD-7B4F-526B19F1C470}.Release|Any CPU.ActiveCfg = Release|Any CPU
		{371ED75C-C1F9-C8CD-7B4F-526B19F1C470}.Release|Any CPU.Build.0 = Release|Any CPU
		{E4A62A5D-66C4-A188-F198-F5100C8627DC}.Debug|Any CPU.ActiveCfg = Debug|Any CPU
		{E4A62A5D-66C4-A188-F198-F5100C8627DC}.Debug|Any CPU.Build.0 = Debug|Any CPU
		{E4A62A5D-66C4-A188-F198-F5100C8627DC}.Release|Any CPU.ActiveCfg = Release|Any CPU
		{E4A62A5D-66C4-A188-F198-F5100C8627DC}.Release|Any CPU.Build.0 = Release|Any CPU
		{BE323E0E-F5A1-B78B-299D-C0FBBC537D52}.Debug|Any CPU.ActiveCfg = Debug|Any CPU
		{BE323E0E-F5A1-B78B-299D-C0FBBC537D52}.Debug|Any CPU.Build.0 = Debug|Any CPU
		{BE323E0E-F5A1-B78B-299D-C0FBBC537D52}.Release|Any CPU.ActiveCfg = Release|Any CPU
		{BE323E0E-F5A1-B78B-299D-C0FBBC537D52}.Release|Any CPU.Build.0 = Release|Any CPU
		{8F8244B3-8A4E-98C7-97EC-605E68FFF847}.Debug|Any CPU.ActiveCfg = Debug|Any CPU
		{8F8244B3-8A4E-98C7-97EC-605E68FFF847}.Debug|Any CPU.Build.0 = Debug|Any CPU
		{8F8244B3-8A4E-98C7-97EC-605E68FFF847}.Release|Any CPU.ActiveCfg = Release|Any CPU
		{8F8244B3-8A4E-98C7-97EC-605E68FFF847}.Release|Any CPU.Build.0 = Release|Any CPU
		{19A4CF03-7CDE-9577-937C-C1A0C60651CD}.Debug|Any CPU.ActiveCfg = Debug|Any CPU
		{19A4CF03-7CDE-9577-937C-C1A0C60651CD}.Debug|Any CPU.Build.0 = Debug|Any CPU
		{19A4CF03-7CDE-9577-937C-C1A0C60651CD}.Release|Any CPU.ActiveCfg = Release|Any CPU
		{19A4CF03-7CDE-9577-937C-C1A0C60651CD}.Release|Any CPU.Build.0 = Release|Any CPU
		{2AE83844-8B3E-7F08-A5D7-EAB841C26719}.Debug|Any CPU.ActiveCfg = Debug|Any CPU
		{2AE83844-8B3E-7F08-A5D7-EAB841C26719}.Debug|Any CPU.Build.0 = Debug|Any CPU
		{2AE83844-8B3E-7F08-A5D7-EAB841C26719}.Release|Any CPU.ActiveCfg = Release|Any CPU
		{2AE83844-8B3E-7F08-A5D7-EAB841C26719}.Release|Any CPU.Build.0 = Release|Any CPU
		{D347AF43-E610-1B3A-492E-0E5A395A57D3}.Debug|Any CPU.ActiveCfg = Debug|Any CPU
		{D347AF43-E610-1B3A-492E-0E5A395A57D3}.Debug|Any CPU.Build.0 = Debug|Any CPU
		{D347AF43-E610-1B3A-492E-0E5A395A57D3}.Release|Any CPU.ActiveCfg = Release|Any CPU
		{D347AF43-E610-1B3A-492E-0E5A395A57D3}.Release|Any CPU.Build.0 = Release|Any CPU
		{005BAC4D-2538-ACAD-7EA0-F8832836F4D4}.Debug|Any CPU.ActiveCfg = Debug|Any CPU
		{005BAC4D-2538-ACAD-7EA0-F8832836F4D4}.Debug|Any CPU.Build.0 = Debug|Any CPU
		{005BAC4D-2538-ACAD-7EA0-F8832836F4D4}.Release|Any CPU.ActiveCfg = Release|Any CPU
		{005BAC4D-2538-ACAD-7EA0-F8832836F4D4}.Release|Any CPU.Build.0 = Release|Any CPU
		{24B2B59D-4C46-4867-7049-6179AFD425CE}.Debug|Any CPU.ActiveCfg = Debug|Any CPU
		{24B2B59D-4C46-4867-7049-6179AFD425CE}.Debug|Any CPU.Build.0 = Debug|Any CPU
		{24B2B59D-4C46-4867-7049-6179AFD425CE}.Release|Any CPU.ActiveCfg = Release|Any CPU
		{24B2B59D-4C46-4867-7049-6179AFD425CE}.Release|Any CPU.Build.0 = Release|Any CPU
		{9CD5FA2D-0E00-3AEE-76DA-3FF35075B8CD}.Debug|Any CPU.ActiveCfg = Debug|Any CPU
		{9CD5FA2D-0E00-3AEE-76DA-3FF35075B8CD}.Debug|Any CPU.Build.0 = Debug|Any CPU
		{9CD5FA2D-0E00-3AEE-76DA-3FF35075B8CD}.Release|Any CPU.ActiveCfg = Release|Any CPU
		{9CD5FA2D-0E00-3AEE-76DA-3FF35075B8CD}.Release|Any CPU.Build.0 = Release|Any CPU
		{4479A260-E7C4-1477-1CFB-CC03B725EB6D}.Debug|Any CPU.ActiveCfg = Debug|Any CPU
		{4479A260-E7C4-1477-1CFB-CC03B725EB6D}.Debug|Any CPU.Build.0 = Debug|Any CPU
		{4479A260-E7C4-1477-1CFB-CC03B725EB6D}.Release|Any CPU.ActiveCfg = Release|Any CPU
		{4479A260-E7C4-1477-1CFB-CC03B725EB6D}.Release|Any CPU.Build.0 = Release|Any CPU
		{B91253E1-56E8-98D5-E859-FA0EC21884C4}.Debug|Any CPU.ActiveCfg = Debug|Any CPU
		{B91253E1-56E8-98D5-E859-FA0EC21884C4}.Debug|Any CPU.Build.0 = Debug|Any CPU
		{B91253E1-56E8-98D5-E859-FA0EC21884C4}.Release|Any CPU.ActiveCfg = Release|Any CPU
		{B91253E1-56E8-98D5-E859-FA0EC21884C4}.Release|Any CPU.Build.0 = Release|Any CPU
		{DE3816A9-6E8C-9373-B2AB-101506B390AE}.Debug|Any CPU.ActiveCfg = Debug|Any CPU
		{DE3816A9-6E8C-9373-B2AB-101506B390AE}.Debug|Any CPU.Build.0 = Debug|Any CPU
		{DE3816A9-6E8C-9373-B2AB-101506B390AE}.Release|Any CPU.ActiveCfg = Release|Any CPU
		{DE3816A9-6E8C-9373-B2AB-101506B390AE}.Release|Any CPU.Build.0 = Release|Any CPU
		{968A02AB-8C23-49CB-A161-10B0F8026F23}.Debug|Any CPU.ActiveCfg = Debug|Any CPU
		{968A02AB-8C23-49CB-A161-10B0F8026F23}.Debug|Any CPU.Build.0 = Debug|Any CPU
		{968A02AB-8C23-49CB-A161-10B0F8026F23}.Release|Any CPU.ActiveCfg = Release|Any CPU
		{968A02AB-8C23-49CB-A161-10B0F8026F23}.Release|Any CPU.Build.0 = Release|Any CPU
		{5B385DDA-D33F-71D1-D896-24748B3F2B19}.Debug|Any CPU.ActiveCfg = Debug|Any CPU
		{5B385DDA-D33F-71D1-D896-24748B3F2B19}.Debug|Any CPU.Build.0 = Debug|Any CPU
		{5B385DDA-D33F-71D1-D896-24748B3F2B19}.Release|Any CPU.ActiveCfg = Release|Any CPU
		{5B385DDA-D33F-71D1-D896-24748B3F2B19}.Release|Any CPU.Build.0 = Release|Any CPU
		{A622E4D8-58FD-E476-CE90-AC1C283E127C}.Debug|Any CPU.ActiveCfg = Debug|Any CPU
		{A622E4D8-58FD-E476-CE90-AC1C283E127C}.Debug|Any CPU.Build.0 = Debug|Any CPU
		{A622E4D8-58FD-E476-CE90-AC1C283E127C}.Release|Any CPU.ActiveCfg = Release|Any CPU
		{A622E4D8-58FD-E476-CE90-AC1C283E127C}.Release|Any CPU.Build.0 = Release|Any CPU
		{8DED163E-BB94-0845-C283-98332092A949}.Debug|Any CPU.ActiveCfg = Debug|Any CPU
		{8DED163E-BB94-0845-C283-98332092A949}.Debug|Any CPU.Build.0 = Debug|Any CPU
		{8DED163E-BB94-0845-C283-98332092A949}.Release|Any CPU.ActiveCfg = Release|Any CPU
		{8DED163E-BB94-0845-C283-98332092A949}.Release|Any CPU.Build.0 = Release|Any CPU
		{EE17DE1C-1A43-4EE2-1F08-CCC7F59E5A62}.Debug|Any CPU.ActiveCfg = Debug|Any CPU
		{EE17DE1C-1A43-4EE2-1F08-CCC7F59E5A62}.Debug|Any CPU.Build.0 = Debug|Any CPU
		{EE17DE1C-1A43-4EE2-1F08-CCC7F59E5A62}.Release|Any CPU.ActiveCfg = Release|Any CPU
		{EE17DE1C-1A43-4EE2-1F08-CCC7F59E5A62}.Release|Any CPU.Build.0 = Release|Any CPU
		{C5CE33B3-A9B5-EFFC-C119-D7A1278245C0}.Debug|Any CPU.ActiveCfg = Debug|Any CPU
		{C5CE33B3-A9B5-EFFC-C119-D7A1278245C0}.Debug|Any CPU.Build.0 = Debug|Any CPU
		{C5CE33B3-A9B5-EFFC-C119-D7A1278245C0}.Release|Any CPU.ActiveCfg = Release|Any CPU
		{C5CE33B3-A9B5-EFFC-C119-D7A1278245C0}.Release|Any CPU.Build.0 = Release|Any CPU
		{CDAF2D09-1CBF-CF1C-10DF-6999F873E9F0}.Debug|Any CPU.ActiveCfg = Debug|Any CPU
		{CDAF2D09-1CBF-CF1C-10DF-6999F873E9F0}.Debug|Any CPU.Build.0 = Debug|Any CPU
		{CDAF2D09-1CBF-CF1C-10DF-6999F873E9F0}.Release|Any CPU.ActiveCfg = Release|Any CPU
		{CDAF2D09-1CBF-CF1C-10DF-6999F873E9F0}.Release|Any CPU.Build.0 = Release|Any CPU
		{87A6731D-EBE2-C441-D42D-008F99B3F78B}.Debug|Any CPU.ActiveCfg = Debug|Any CPU
		{87A6731D-EBE2-C441-D42D-008F99B3F78B}.Debug|Any CPU.Build.0 = Debug|Any CPU
		{87A6731D-EBE2-C441-D42D-008F99B3F78B}.Release|Any CPU.ActiveCfg = Release|Any CPU
		{87A6731D-EBE2-C441-D42D-008F99B3F78B}.Release|Any CPU.Build.0 = Release|Any CPU
	EndGlobalSection
	GlobalSection(SolutionProperties) = preSolution
		HideSolutionNode = FALSE
	EndGlobalSection
EndGlobal
